
Microsoft Visual Studio Solution File, Format Version 12.00
Project("{FAE04EC0-301F-11D3-BF4B-00C04F79EFBC}") = "CalculationService", "CalculationService\CalculationService.csproj", "{8236E395-18EE-4F3F-8BBA-E67D549E1CB8}"
EndProject
Project("{FAE04EC0-301F-11D3-BF4B-00C04F79EFBC}") = "Orleans.Grains.Interfaces", "Orleans\Orleans.Grains.Interfaces\Orleans.Grains.Interfaces.csproj", "{2C11FBC8-15E6-4AE4-A90D-B8F5ACB64D43}"
EndProject
Project("{FAE04EC0-301F-11D3-BF4B-00C04F79EFBC}") = "Orleans.Grains", "Orleans\Orleans.Grains\Orleans.Grains.csproj", "{9B904B41-A14B-4A69-815A-71B73F7AC2A8}"
EndProject
Project("{FAE04EC0-301F-11D3-BF4B-00C04F79EFBC}") = "Orleans.Blazor.ServerSide", "Orleans\Orleans.ServerSide\Orleans.Blazor.ServerSide.csproj", "{0655FB07-C19D-4D91-9570-C60E09E746C8}"
EndProject
Project("{FAE04EC0-301F-11D3-BF4B-00C04F79EFBC}") = "Orleans.Silo", "Orleans\Orleans.Silo\Orleans.Silo.csproj", "{5F26E487-86FE-4BD3-AECB-065876A62EBA}"
EndProject
Project("{FAE04EC0-301F-11D3-BF4B-00C04F79EFBC}") = "Orleans.SiloGrpc", "Orleans\Orleans.SiloGrpc\Orleans.SiloGrpc.csproj", "{3920C968-631F-43CE-A680-EA531125B967}"
EndProject
Project("{2150E333-8FDC-42A3-9474-1A3956D46DE8}") = "GrpcHttp", "GrpcHttp", "{7605FAC2-ABBF-49A1-A9B5-755E99557958}"
EndProject
Project("{FAE04EC0-301F-11D3-BF4B-00C04F79EFBC}") = "Microsoft.AspNetCore.Grpc.HttpApi", "GrpcHttp\Microsoft.AspNetCore.Grpc.HttpApi\Microsoft.AspNetCore.Grpc.HttpApi.csproj", "{A13DB7A3-4FE7-4B7C-8F69-1D0E9AA087E2}"
EndProject
Project("{FAE04EC0-301F-11D3-BF4B-00C04F79EFBC}") = "Microsoft.AspNetCore.Grpc.Swagger", "GrpcHttp\Microsoft.AspNetCore.Grpc.Swagger\Microsoft.AspNetCore.Grpc.Swagger.csproj", "{A926AF42-E1B5-4962-BE7D-19E027842138}"
EndProject
Project("{FAE04EC0-301F-11D3-BF4B-00C04F79EFBC}") = "HttpProxyService", "HttpProxy\HttpProxyService.csproj", "{FB4AE5D0-7613-4B55-B474-EC7A16090CE3}"
EndProject
Global
	GlobalSection(SolutionConfigurationPlatforms) = preSolution
		Debug|Any CPU = Debug|Any CPU
		Release|Any CPU = Release|Any CPU
	EndGlobalSection
	GlobalSection(ProjectConfigurationPlatforms) = postSolution
		{8236E395-18EE-4F3F-8BBA-E67D549E1CB8}.Debug|Any CPU.ActiveCfg = Debug|Any CPU
		{8236E395-18EE-4F3F-8BBA-E67D549E1CB8}.Debug|Any CPU.Build.0 = Debug|Any CPU
		{8236E395-18EE-4F3F-8BBA-E67D549E1CB8}.Release|Any CPU.ActiveCfg = Release|Any CPU
		{8236E395-18EE-4F3F-8BBA-E67D549E1CB8}.Release|Any CPU.Build.0 = Release|Any CPU
		{2C11FBC8-15E6-4AE4-A90D-B8F5ACB64D43}.Debug|Any CPU.ActiveCfg = Debug|Any CPU
		{2C11FBC8-15E6-4AE4-A90D-B8F5ACB64D43}.Debug|Any CPU.Build.0 = Debug|Any CPU
		{2C11FBC8-15E6-4AE4-A90D-B8F5ACB64D43}.Release|Any CPU.ActiveCfg = Release|Any CPU
		{2C11FBC8-15E6-4AE4-A90D-B8F5ACB64D43}.Release|Any CPU.Build.0 = Release|Any CPU
		{9B904B41-A14B-4A69-815A-71B73F7AC2A8}.Debug|Any CPU.ActiveCfg = Debug|Any CPU
		{9B904B41-A14B-4A69-815A-71B73F7AC2A8}.Debug|Any CPU.Build.0 = Debug|Any CPU
		{9B904B41-A14B-4A69-815A-71B73F7AC2A8}.Release|Any CPU.ActiveCfg = Release|Any CPU
		{9B904B41-A14B-4A69-815A-71B73F7AC2A8}.Release|Any CPU.Build.0 = Release|Any CPU
		{0655FB07-C19D-4D91-9570-C60E09E746C8}.Debug|Any CPU.ActiveCfg = Debug|Any CPU
		{0655FB07-C19D-4D91-9570-C60E09E746C8}.Debug|Any CPU.Build.0 = Debug|Any CPU
		{0655FB07-C19D-4D91-9570-C60E09E746C8}.Release|Any CPU.ActiveCfg = Release|Any CPU
		{0655FB07-C19D-4D91-9570-C60E09E746C8}.Release|Any CPU.Build.0 = Release|Any CPU
		{5F26E487-86FE-4BD3-AECB-065876A62EBA}.Debug|Any CPU.ActiveCfg = Debug|Any CPU
		{5F26E487-86FE-4BD3-AECB-065876A62EBA}.Debug|Any CPU.Build.0 = Debug|Any CPU
		{5F26E487-86FE-4BD3-AECB-065876A62EBA}.Release|Any CPU.ActiveCfg = Release|Any CPU
		{5F26E487-86FE-4BD3-AECB-065876A62EBA}.Release|Any CPU.Build.0 = Release|Any CPU
		{3920C968-631F-43CE-A680-EA531125B967}.Debug|Any CPU.ActiveCfg = Debug|Any CPU
		{3920C968-631F-43CE-A680-EA531125B967}.Debug|Any CPU.Build.0 = Debug|Any CPU
		{3920C968-631F-43CE-A680-EA531125B967}.Release|Any CPU.ActiveCfg = Release|Any CPU
		{3920C968-631F-43CE-A680-EA531125B967}.Release|Any CPU.Build.0 = Release|Any CPU
		{A13DB7A3-4FE7-4B7C-8F69-1D0E9AA087E2}.Debug|Any CPU.ActiveCfg = Debug|Any CPU
		{A13DB7A3-4FE7-4B7C-8F69-1D0E9AA087E2}.Debug|Any CPU.Build.0 = Debug|Any CPU
		{A13DB7A3-4FE7-4B7C-8F69-1D0E9AA087E2}.Release|Any CPU.ActiveCfg = Release|Any CPU
		{A13DB7A3-4FE7-4B7C-8F69-1D0E9AA087E2}.Release|Any CPU.Build.0 = Release|Any CPU
		{A926AF42-E1B5-4962-BE7D-19E027842138}.Debug|Any CPU.ActiveCfg = Debug|Any CPU
		{A926AF42-E1B5-4962-BE7D-19E027842138}.Debug|Any CPU.Build.0 = Debug|Any CPU
		{A926AF42-E1B5-4962-BE7D-19E027842138}.Release|Any CPU.ActiveCfg = Release|Any CPU
		{A926AF42-E1B5-4962-BE7D-19E027842138}.Release|Any CPU.Build.0 = Release|Any CPU
		{FB4AE5D0-7613-4B55-B474-EC7A16090CE3}.Debug|Any CPU.ActiveCfg = Debug|Any CPU
		{FB4AE5D0-7613-4B55-B474-EC7A16090CE3}.Debug|Any CPU.Build.0 = Debug|Any CPU
		{FB4AE5D0-7613-4B55-B474-EC7A16090CE3}.Release|Any CPU.ActiveCfg = Release|Any CPU
		{FB4AE5D0-7613-4B55-B474-EC7A16090CE3}.Release|Any CPU.Build.0 = Release|Any CPU
	EndGlobalSection
	GlobalSection(NestedProjects) = preSolution
		{A13DB7A3-4FE7-4B7C-8F69-1D0E9AA087E2} = {7605FAC2-ABBF-49A1-A9B5-755E99557958}
		{A926AF42-E1B5-4962-BE7D-19E027842138} = {7605FAC2-ABBF-49A1-A9B5-755E99557958}
	EndGlobalSection
EndGlobal
